PODS:
  - multiplatformContact (1.0.0)

DEPENDENCIES:
  - multiplatformContact (from `../multiplatformContact`)

EXTERNAL SOURCES:
  multiplatformContact:
    :path: "../multiplatformContact"

SPEC CHECKSUMS:
  multiplatformContact: e313b72b77ce8131faff645367489c1b90d8a96c

PODFILE CHECKSUM: 0fceeaded57cfa26aeb77819576c80092a2dea18

COCOAPODS: 1.16.2
