PODS:
  - multiplatformContact (1.0.0)

DEPENDENCIES:
  - multiplatformContact (from `../multiplatformContact`)

EXTERNAL SOURCES:
  multiplatformContact:
    :path: "../multiplatformContact"

SPEC CHECKSUMS:
  multiplatformContact: 21677214180c295e19408eb8fcfe69060f794801

PODFILE CHECKSUM: 0b6b656cb75b3f7f044ea684a3d46361666e3f9b

COCOAPODS: 1.16.2
